{
  "nodes": {
    "gritql-src": {
      "flake": false,
      "locked": {
        "lastModified": 1774843698,
        "narHash": "sha256-/rftecZn0eH4tx07jJEf6ycEOrqpSAj+9st8c8+ySvU=",
        "owner": "biomejs",
        "repo": "gritql",
        "rev": "dbe8faba29a3a7008805aa431534742070002933",
        "type": "github"
      },
      "original": {
        "owner": "biomejs",
        "ref": "v0.0.3",
        "repo": "gritql",
        "type": "github"
      }
    },
    "nix-gritql": {
      "inputs": {
        "gritql-src": "gritql-src",
        "nixpkgs-pinned": [
          "nixpkgs-pinned"
        ],
        "tree-sitter-facade-src": "tree-sitter-facade-src",
        "tree-sitter-gritql-src": "tree-sitter-gritql-src",
        "web-tree-sitter-src": "web-tree-sitter-src"
      },
      "locked": {
        "lastModified": 1788859106,
        "narHash": "sha256-ZIOXYadKm4uB5S5Ga0VCrhfhF3D579YiYtU2VEjGlMA=",
        "owner": "kubijo",
        "repo": "nix-gritql",
        "rev": "a7dd64d332f5339653d79797a2e3ed3598452269",
        "type": "github"
      },
      "original": {
        "owner": "kubijo",
        "ref": "v0.5.0",
        "repo": "nix-gritql",
        "type": "github"
      }
    },
    "nixpkgs-pinned": {
      "locked": {
        "lastModified": 1788608636,
        "narHash": "sha256-RqeFOwW329f4i1f5QlJgQYwgEZvxIHJsUYlzIBxsKsY=",
        "owner": "NixOS",
        "repo": "nixpkgs",
        "rev": "0af3d1402dec3fc7e93635e511d1f7428c89cebf",
        "type": "github"
      },
      "original": {
        "owner": "NixOS",
        "ref": "nixpkgs-unstable",
        "repo": "nixpkgs",
        "type": "github"
      }
    },
    "root": {
      "inputs": {
        "nix-gritql": "nix-gritql",
        "nixpkgs-pinned": "nixpkgs-pinned"
      }
    },
    "tree-sitter-facade-src": {
      "flake": false,
      "locked": {
        "lastModified": 1712338157,
        "narHash": "sha256-nFvQK1NYEIuIwYp1oqGWRM0l2kqdumLTEJADmaocEdw=",
        "owner": "getgrit",
        "repo": "tree-sitter-facade",
        "rev": "a26c147cea7049a5d2c42006499371b346b52648",
        "type": "github"
      },
      "original": {
        "owner": "getgrit",
        "repo": "tree-sitter-facade",
        "rev": "a26c147cea7049a5d2c42006499371b346b52648",
        "type": "github"
      }
    },
    "tree-sitter-gritql-src": {
      "flake": false,
      "locked": {
        "lastModified": 1736264979,
        "narHash": "sha256-nfEvwujjELM7l7MmN/HG4X/zQNZN67mezI1Hn9YxMgM=",
        "owner": "getgrit",
        "repo": "tree-sitter-gritql",
        "rev": "f9d98660bd7ae78c9211cb52e295bcd6531a8121",
        "type": "github"
      },
      "original": {
        "owner": "getgrit",
        "repo": "tree-sitter-gritql",
        "rev": "f9d98660bd7ae78c9211cb52e295bcd6531a8121",
        "type": "github"
      }
    },
    "web-tree-sitter-src": {
      "flake": false,
      "locked": {
        "lastModified": 1684939404,
        "narHash": "sha256-0HBMN6mSdkVc0XVIr3LvY3npPfFn/tKUuXczUUtwR88=",
        "owner": "getgrit",
        "repo": "web-tree-sitter",
        "rev": "9a01e452ec7288851405722e13aca08d9d90b6b1",
        "type": "github"
      },
      "original": {
        "owner": "getgrit",
        "repo": "web-tree-sitter",
        "rev": "9a01e452ec7288851405722e13aca08d9d90b6b1",
        "type": "github"
      }
    }
  },
  "root": "root",
  "version": 7
}
