version = 1
revision = 3
requires-python = "==3.14.*"

[[package]]
name = "coverage"
version = "7.16.2"
source = { registry = "https://pypi.org/simple" }
sdist = { url = "https://files.pythonhosted.org/packages/2f/55/d1eaf3e73781174340a00dc1ba2aee8a65f82fadb18e2797b192b6b3925b/coverage-7.16.2.tar.gz", hash = "sha256:ca64d9f1f384f151b9511bec01126072acd2f313439f8ed015a22d8790aab6fa", size = 971999, upload-time = "2026-09-27T12:29:01.118Z" }
wheels = [
    { url = "https://files.pythonhosted.org/packages/59/4c/577fc0803dab4155dcf808faffbdd7b159256781c0874a8586e17b81b149/coverage-7.16.2-cp314-cp314-macosx_10_15_x86_64.whl", hash = "sha256:4ee546b9e4872ffa194bf07ac87bfa1202ebb824d0795dc1ef22f175545ca90a", size = 224138, upload-time = "2026-09-27T12:27:05.141Z" },
    { url = "https://files.pythonhosted.org/packages/75/9e/e3785ba3ecba2bd11efc74bfe2801ca4b78c4480b15a375648d809a59da3/coverage-7.16.2-cp314-cp314-macosx_11_0_arm64.whl", hash = "sha256:a2fac6895eb299a2e52d7bbb8fb3903502b9da8d3f5309ceb16ec40c646b58ee", size = 224445, upload-time = "2026-09-27T12:27:06.805Z" },
    { url = "https://files.pythonhosted.org/packages/f0/d0/963ff22d3fd27117da3b8cc442f5bdc91196f783321e1a8ff0ec43476772/coverage-7.16.2-cp314-cp314-manylinux1_i686.manylinux_2_28_i686.manylinux_2_5_i686.whl", hash = "sha256:57ff3783f99d75a1e81dd56a9737eb5665e6736a5d93258ba596b6dcad8fd05b", size = 256112, upload-time = "2026-09-27T12:27:08.43Z" },
    { url = "https://files.pythonhosted.org/packages/a8/d4/a306940c81c6ae759e82fff27d20b7fdc6896e422b821f51313cce212b6c/coverage-7.16.2-cp314-cp314-manylinux1_x86_64.manylinux_2_28_x86_64.manylinux_2_5_x86_64.whl", hash = "sha256:35f37886699cb9abd29958247d718628d5bc6f39e623dff66a09e546c42a7e03", size = 258727, upload-time = "2026-09-27T12:27:09.927Z" },
    { url = "https://files.pythonhosted.org/packages/b9/a3/d3d99d93b02517087aa05bc0cf2d04d372956b849e5443e059079901429b/coverage-7.16.2-cp314-cp314-manylinux2014_aarch64.manylinux_2_17_aarch64.manylinux_2_28_aarch64.whl", hash = "sha256:0fd7a86fdda7cb6d616d178654bd0ad6bc0f3f33c2e478aa598500a1a9e34eda", size = 259909, upload-time = "2026-09-27T12:27:11.55Z" },
    { url = "https://files.pythonhosted.org/packages/08/44/39dd599181726758dd185ae4dc0c0ab3aeabf7ca70e68e145060feeaaa16/coverage-7.16.2-cp314-cp314-manylinux2014_ppc64le.manylinux_2_17_ppc64le.manylinux_2_28_ppc64le.whl", hash = "sha256:ac0f3b379c94acc2f7dce5f5f0b24d44fa1cc6a509717ef83dfee07450c2117c", size = 262481, upload-time = "2026-09-27T12:27:13.17Z" },
    { url = "https://files.pythonhosted.org/packages/99/e8/91ee43f6ded411460c359d7e1aebde4d6fd8f00a2e5394182d9d212eb23c/coverage-7.16.2-cp314-cp314-manylinux_2_31_riscv64.manylinux_2_39_riscv64.whl", hash = "sha256:7d0732c83746bc24123c581a85d9dd96b70ddb538c9076020aa1a041790361e9", size = 256012, upload-time = "2026-09-27T12:27:14.91Z" },
    { url = "https://files.pythonhosted.org/packages/11/8c/e9499ddc33197bd7eabcb1118ca81756fc874457b324e2b479a4804b2ad2/coverage-7.16.2-cp314-cp314-musllinux_1_2_aarch64.whl", hash = "sha256:7b451c68218c150f616bc9649783ec8de76a59792c759b43aa0c9c0466a465e4", size = 257898, upload-time = "2026-09-27T12:27:16.588Z" },
    { url = "https://files.pythonhosted.org/packages/5f/6e/c081cb5991a0afba99f9c4ad6c74a5fce9513a38ddc64e3e6680c6fed9af/coverage-7.16.2-cp314-cp314-musllinux_1_2_i686.whl", hash = "sha256:a56ac4fa5a75c7e182e8f62600cfb4aff43c5ed7356a034f3557659c3bec1d90", size = 255938, upload-time = "2026-09-27T12:27:18.19Z" },
    { url = "https://files.pythonhosted.org/packages/b2/42/1c3d819e8f9b6eb01c2fe90874d67a8882adb9507e0bbb09361ed131ea89/coverage-7.16.2-cp314-cp314-musllinux_1_2_ppc64le.whl", hash = "sha256:4cc4f73aa3fabc36e32046d6cd2971405948d8a903636508a3d3b2f9128b3a95", size = 260368, upload-time = "2026-09-27T12:27:19.903Z" },
    { url = "https://files.pythonhosted.org/packages/19/4f/d70eac07901fd587b6ab05e659b52afe13959992aa5113bf6cce059cc572/coverage-7.16.2-cp314-cp314-musllinux_1_2_riscv64.whl", hash = "sha256:723dcdab91357159b722935b500ee8abc0a66c8c432e1e9fabf4cc7598952de8", size = 255620, upload-time = "2026-09-27T12:27:21.621Z" },
    { url = "https://files.pythonhosted.org/packages/34/5e/6d87af88317d3d9a9b18a9ca1bc1673eb516917f296e579d0d4a55cb3490/coverage-7.16.2-cp314-cp314-musllinux_1_2_x86_64.whl", hash = "sha256:5397e21a90dde0e9c6896b77ded8f0be26b66f8b22b33aed41f6043ed95d55e6", size = 257521, upload-time = "2026-09-27T12:27:23.358Z" },
    { url = "https://files.pythonhosted.org/packages/79/bb/90c2641170d2fa1a6757b3f8450ba2740197317b0ddd749e9604b914e886/coverage-7.16.2-cp314-cp314-win32.whl", hash = "sha256:848893e1d361448c113dc2f0913503522a6f7be231d0e38333d2a22d9698a011", size = 226248, upload-time = "2026-09-27T12:27:25.153Z" },
    { url = "https://files.pythonhosted.org/packages/30/08/d8d0478bb02c8eb0ae20a496fc80c40fcf4d3450bd184300d682ba2d28a6/coverage-7.16.2-cp314-cp314-win_amd64.whl", hash = "sha256:5a27b731c171e43dc8b5f32b76a5051dde2ec9b9366c87028f08a7088ebc2c7b", size = 226732, upload-time = "2026-09-27T12:27:26.907Z" },
    { url = "https://files.pythonhosted.org/packages/32/3f/0001da22155b0a8ce063ec0f7e64ecbe17b373f306e7a74435f6d6accb72/coverage-7.16.2-cp314-cp314-win_arm64.whl", hash = "sha256:1c569a9fd25505f1cd6bea90588818f90373ce90e2632e2cacf19ddbd6e14fdb", size = 226645, upload-time = "2026-09-27T12:27:28.588Z" },
    { url = "https://files.pythonhosted.org/packages/d7/85/6d8813aff9b8b8586691a9d33c43c5604f7227622574da7cdc3d91a86861/coverage-7.16.2-cp314-cp314t-macosx_10_15_x86_64.whl", hash = "sha256:d93db87adb6b1c1b408dce4763314b55d76a9f589e96783a84ac9e7689e48bdf", size = 224871, upload-time = "2026-09-27T12:27:30.32Z" },
    { url = "https://files.pythonhosted.org/packages/5c/70/444f3a4981ac2cda40fdcf4cc9b56a4e1a33c222abeb33e51ed3e3eb2a6b/coverage-7.16.2-cp314-cp314t-macosx_11_0_arm64.whl", hash = "sha256:aa62c85046473959c13ba9edca9dc90a77d5c1095b1ba313556314d77fe5b036", size = 225123, upload-time = "2026-09-27T12:27:32.33Z" },
    { url = "https://files.pythonhosted.org/packages/d0/c1/980681cd7b33eb66ac835044116ef0a92e11fcc7bdd866cc89d10b1130b9/coverage-7.16.2-cp314-cp314t-manylinux1_i686.manylinux_2_28_i686.manylinux_2_5_i686.whl", hash = "sha256:db76506aa5416081f3e8974ae0f7965c58ada0bb0ef7339ac86099588dbb20d3", size = 265049, upload-time = "2026-09-27T12:27:34.085Z" },
    { url = "https://files.pythonhosted.org/packages/b2/e3/87679875c33bb2191f0f05544a1cc9adcc940fe0c35443a10f2df753dde5/coverage-7.16.2-cp314-cp314t-manylinux1_x86_64.manylinux_2_28_x86_64.manylinux_2_5_x86_64.whl", hash = "sha256:a0f2285329dac10ab08f79cb11f5692c497018e6c7c511f95e6fd63a70b8f831", size = 267717, upload-time = "2026-09-27T12:27:36.025Z" },
    { url = "https://files.pythonhosted.org/packages/76/64/5d372776d6eb523d4e93bafba2253f96984e3b18261c4cc56a50863c6d0d/coverage-7.16.2-cp314-cp314t-manylinux2014_aarch64.manylinux_2_17_aarch64.manylinux_2_28_aarch64.whl", hash = "sha256:382d3346d56b0eec1b793d53a4c88799c8053f516aa3a8d7c44315696954bacf", size = 270047, upload-time = "2026-09-27T12:27:37.96Z" },
    { url = "https://files.pythonhosted.org/packages/be/c1/44082ff0cbf9f97d0043f57970a71204097ec7ba606361a9fd2065393669/coverage-7.16.2-cp314-cp314t-manylinux2014_ppc64le.manylinux_2_17_ppc64le.manylinux_2_28_ppc64le.whl", hash = "sha256:648352b94507179d82637292e7ae8802508d95f78e2f00a705a50b6c48011681", size = 271360, upload-time = "2026-09-27T12:27:39.766Z" },
    { url = "https://files.pythonhosted.org/packages/b8/17/9a215efe25b5e0ecc87c89dbe525c4a87d14d87c8c0c7316ef140a5f6f3e/coverage-7.16.2-cp314-cp314t-manylinux_2_31_riscv64.manylinux_2_39_riscv64.whl", hash = "sha256:fb2bde05838fffae1a1bf75e5d411a6cac3e4e9bb97e6640fed8cd47888b33f0", size = 264736, upload-time = "2026-09-27T12:27:42.072Z" },
    { url = "https://files.pythonhosted.org/packages/a2/da/7f0a31af8e448107d4d32844bd684757f51ea907bc0c68c8fd537b2123ff/coverage-7.16.2-cp314-cp314t-musllinux_1_2_aarch64.whl", hash = "sha256:6a75180829efb8ae62b4aded25be6ddca1c888d138d2d82e21d93bfbd88f41cb", size = 267600, upload-time = "2026-09-27T12:27:43.85Z" },
    { url = "https://files.pythonhosted.org/packages/dd/a4/3bfecbd3366b775bacdcb3330394d356cf384b5d8f5b2146ac4b14b252b5/coverage-7.16.2-cp314-cp314t-musllinux_1_2_i686.whl", hash = "sha256:99704f73721e23859112072d522076e11c31744fc96b5652e5dd2018aa4359f7", size = 264767, upload-time = "2026-09-27T12:27:45.768Z" },
    { url = "https://files.pythonhosted.org/packages/b8/3f/5d62163732d87e4a0c4710a0eab30f0fd6a2d480112abe2029f014fe8c9d/coverage-7.16.2-cp314-cp314t-musllinux_1_2_ppc64le.whl", hash = "sha256:29309ccc86b7f33df7db12813c299f215bbbc470ed6292d0bedd63ffae1ebf64", size = 269026, upload-time = "2026-09-27T12:27:47.787Z" },
    { url = "https://files.pythonhosted.org/packages/49/4d/8e4579f225426535085a9be371cc75e3b026d058d679b80affbdfb4c3ef0/coverage-7.16.2-cp314-cp314t-musllinux_1_2_riscv64.whl", hash = "sha256:30c1b65d529e46569899fadca59e4a87c1faf2886923f1307ba61e654d4f3c20", size = 264147, upload-time = "2026-09-27T12:27:49.681Z" },
    { url = "https://files.pythonhosted.org/packages/d1/36/ef1f77e2c3f7bb03c2b13b9a2006f88700fdd75535ef158d70049f425c1c/coverage-7.16.2-cp314-cp314t-musllinux_1_2_x86_64.whl", hash = "sha256:dcf4bc2aab4e16b1c4c0c2005918f23a7dd5d7821ddae82caed9e3342dc2fcce", size = 266376, upload-time = "2026-09-27T12:27:51.551Z" },
    { url = "https://files.pythonhosted.org/packages/be/79/0cb2bf4428830dec971c718c2c841a039c084415c99e67281f5a72841aab/coverage-7.16.2-cp314-cp314t-win32.whl", hash = "sha256:a9cd3de0a5bfe7b0e21ee10e1a14e3d61bf52efc88217ab1d95d6ace6970bd46", size = 226585, upload-time = "2026-09-27T12:27:53.945Z" },
    { url = "https://files.pythonhosted.org/packages/3c/f9/da17121c16667fd84998e972200ae226a41540f6ea4795776c6d99e8976f/coverage-7.16.2-cp314-cp314t-win_amd64.whl", hash = "sha256:611a44e5229a59d7483ce830160e1a0e85f700562c7a5651c7c63fb8f4eb528c", size = 227378, upload-time = "2026-09-27T12:27:55.778Z" },
    { url = "https://files.pythonhosted.org/packages/74/89/01179c62d1b7e6e33bd5001566b02d7f778cf33d3ec1e81e94ca170c517f/coverage-7.16.2-cp314-cp314t-win_arm64.whl", hash = "sha256:22957cef43ce038641de78ba995de7568d2d6a37c6ddbf7fa0fd7d1ae2344d91", size = 227064, upload-time = "2026-09-27T12:27:57.496Z" },
    { url = "https://files.pythonhosted.org/packages/3f/0c/7a64e1ac90541a8edf50daef0914848011fb057a5bf55284a4811e21939a/coverage-7.16.2-py3-none-any.whl", hash = "sha256:11d28e9123a9156cb405d8d27b44256c9a58fb5decc2073a8f17862057e3aa0f", size = 215754, upload-time = "2026-09-27T12:28:59.075Z" },
]

[[package]]
name = "docstring-parser"
version = "0.18.0"
source = { registry = "https://pypi.org/simple" }
sdist = { url = "https://files.pythonhosted.org/packages/e0/4d/f332313098c1de1b2d2ff91cf2674415cc7cddab2ca1b01ae29774bd5fdf/docstring_parser-0.18.0.tar.gz", hash = "sha256:292510982205c12b1248696f44959db3cdd1740237a968ea1e2e7a900eeb2015", size = 29341, upload-time = "2026-04-14T04:09:19.867Z" }
wheels = [
    { url = "https://files.pythonhosted.org/packages/a7/5f/ed01f9a3cdffbd5a008556fc7b2a08ddb1cc6ace7effa7340604b1d16699/docstring_parser-0.18.0-py3-none-any.whl", hash = "sha256:b3fcbed555c47d8479be0796ef7e19c2670d428d72e96da63f3a40122860374b", size = 22484, upload-time = "2026-04-14T04:09:18.638Z" },
]

[[package]]
name = "editorconfig"
version = "0.17.1"
source = { registry = "https://pypi.org/simple" }
sdist = { url = "https://files.pythonhosted.org/packages/88/3a/a61d9a1f319a186b05d14df17daea42fcddea63c213bcd61a929fb3a6796/editorconfig-0.17.1.tar.gz", hash = "sha256:23c08b00e8e08cc3adcddb825251c497478df1dada6aefeb01e626ad37303745", size = 14695, upload-time = "2025-06-09T08:21:37.097Z" }
wheels = [
    { url = "https://files.pythonhosted.org/packages/96/fd/a40c621ff207f3ce8e484aa0fc8ba4eb6e3ecf52e15b42ba764b457a9550/editorconfig-0.17.1-py3-none-any.whl", hash = "sha256:1eda9c2c0db8c16dbd50111b710572a5e6de934e39772de1959d41f64fc17c82", size = 16360, upload-time = "2025-06-09T08:21:35.654Z" },
]

[[package]]
name = "jinja2"
version = "3.1.6"
source = { registry = "https://pypi.org/simple" }
dependencies = [
    { name = "markupsafe" },
]
sdist = { url = "https://files.pythonhosted.org/packages/df/bf/f7da0350254c0ed7c72f3e33cef02e048281fec7ecec5f032d4aac52226b/jinja2-3.1.6.tar.gz", hash = "sha256:0137fb05990d35f1275a587e9aee6d56da821fc83491a0fb838183be43f66d6d", size = 245115, upload-time = "2025-03-05T20:05:02.478Z" }
wheels = [
    { url = "https://files.pythonhosted.org/packages/62/a1/3d680cbfd5f4b8f15abc1d571870c5fc3e594bb582bc3b64ea099db13e56/jinja2-3.1.6-py3-none-any.whl", hash = "sha256:85ece4451f492d0c13c5dd7c13a64681a86afae63a5f347908daf103ce6d2f67", size = 134899, upload-time = "2025-03-05T20:05:00.369Z" },
]

[[package]]
name = "markdown-it-py"
version = "4.2.0"
source = { registry = "https://pypi.org/simple" }
dependencies = [
    { name = "mdurl" },
]
sdist = { url = "https://files.pythonhosted.org/packages/06/ff/7841249c247aa650a76b9ee4bbaeae59370dc8bfd2f6c01f3630c35eb134/markdown_it_py-4.2.0.tar.gz", hash = "sha256:04a21681d6fbb623de53f6f364d352309d4094dd4194040a10fd51833e418d49", size = 82454, upload-time = "2026-05-07T12:08:28.36Z" }
wheels = [
    { url = "https://files.pythonhosted.org/packages/b3/81/4da04ced5a082363ecfa159c010d200ecbd959ae410c10c0264a38cac0f5/markdown_it_py-4.2.0-py3-none-any.whl", hash = "sha256:9f7ebbcd14fe59494226453aed97c1070d83f8d24b6fc3a3bcf9a38092641c4a", size = 91687, upload-time = "2026-05-07T12:08:27.182Z" },
]

[[package]]
name = "markupsafe"
version = "3.0.3"
source = { registry = "https://pypi.org/simple" }
sdist = { url = "https://files.pythonhosted.org/packages/7e/99/7690b6d4034fffd95959cbe0c02de8deb3098cc577c67bb6a24fe5d7caa7/markupsafe-3.0.3.tar.gz", hash = "sha256:722695808f4b6457b320fdc131280796bdceb04ab50fe1795cd540799ebe1698", size = 80313, upload-time = "2025-09-27T18:37:40.426Z" }
wheels = [
    { url = "https://files.pythonhosted.org/packages/33/8a/8e42d4838cd89b7dde187011e97fe6c3af66d8c044997d2183fbd6d31352/markupsafe-3.0.3-cp314-cp314-macosx_10_13_x86_64.whl", hash = "sha256:eaa9599de571d72e2daf60164784109f19978b327a3910d3e9de8c97b5b70cfe", size = 11619, upload-time = "2025-09-27T18:37:06.342Z" },
    { url = "https://files.pythonhosted.org/packages/b5/64/7660f8a4a8e53c924d0fa05dc3a55c9cee10bbd82b11c5afb27d44b096ce/markupsafe-3.0.3-cp314-cp314-macosx_11_0_arm64.whl", hash = "sha256:c47a551199eb8eb2121d4f0f15ae0f923d31350ab9280078d1e5f12b249e0026", size = 12029, upload-time = "2025-09-27T18:37:07.213Z" },
    { url = "https://files.pythonhosted.org/packages/da/ef/e648bfd021127bef5fa12e1720ffed0c6cbb8310c8d9bea7266337ff06de/markupsafe-3.0.3-cp314-cp314-manylinux2014_aarch64.manylinux_2_17_aarch64.manylinux_2_28_aarch64.whl", hash = "sha256:f34c41761022dd093b4b6896d4810782ffbabe30f2d443ff5f083e0cbbb8c737", size = 24408, upload-time = "2025-09-27T18:37:09.572Z" },
    { url = "https://files.pythonhosted.org/packages/41/3c/a36c2450754618e62008bf7435ccb0f88053e07592e6028a34776213d877/markupsafe-3.0.3-cp314-cp314-manylinux2014_x86_64.manylinux_2_17_x86_64.manylinux_2_28_x86_64.whl", hash = "sha256:457a69a9577064c05a97c41f4e65148652db078a3a509039e64d3467b9e7ef97", size = 23005, upload-time = "2025-09-27T18:37:10.58Z" },
    { url = "https://files.pythonhosted.org/packages/bc/20/b7fdf89a8456b099837cd1dc21974632a02a999ec9bf7ca3e490aacd98e7/markupsafe-3.0.3-cp314-cp314-manylinux_2_31_riscv64.manylinux_2_39_riscv64.whl", hash = "sha256:e8afc3f2ccfa24215f8cb28dcf43f0113ac3c37c2f0f0806d8c70e4228c5cf4d", size = 22048, upload-time = "2025-09-27T18:37:11.547Z" },
    { url = "https://files.pythonhosted.org/packages/9a/a7/591f592afdc734f47db08a75793a55d7fbcc6902a723ae4cfbab61010cc5/markupsafe-3.0.3-cp314-cp314-musllinux_1_2_aarch64.whl", hash = "sha256:ec15a59cf5af7be74194f7ab02d0f59a62bdcf1a537677ce67a2537c9b87fcda", size = 23821, upload-time = "2025-09-27T18:37:12.48Z" },
    { url = "https://files.pythonhosted.org/packages/7d/33/45b24e4f44195b26521bc6f1a82197118f74df348556594bd2262bda1038/markupsafe-3.0.3-cp314-cp314-musllinux_1_2_riscv64.whl", hash = "sha256:0eb9ff8191e8498cca014656ae6b8d61f39da5f95b488805da4bb029cccbfbaf", size = 21606, upload-time = "2025-09-27T18:37:13.485Z" },
    { url = "https://files.pythonhosted.org/packages/ff/0e/53dfaca23a69fbfbbf17a4b64072090e70717344c52eaaaa9c5ddff1e5f0/markupsafe-3.0.3-cp314-cp314-musllinux_1_2_x86_64.whl", hash = "sha256:2713baf880df847f2bece4230d4d094280f4e67b1e813eec43b4c0e144a34ffe", size = 23043, upload-time = "2025-09-27T18:37:14.408Z" },
    { url = "https://files.pythonhosted.org/packages/46/11/f333a06fc16236d5238bfe74daccbca41459dcd8d1fa952e8fbd5dccfb70/markupsafe-3.0.3-cp314-cp314-win32.whl", hash = "sha256:729586769a26dbceff69f7a7dbbf59ab6572b99d94576a5592625d5b411576b9", size = 14747, upload-time = "2025-09-27T18:37:15.36Z" },
    { url = "https://files.pythonhosted.org/packages/28/52/182836104b33b444e400b14f797212f720cbc9ed6ba34c800639d154e821/markupsafe-3.0.3-cp314-cp314-win_amd64.whl", hash = "sha256:bdc919ead48f234740ad807933cdf545180bfbe9342c2bb451556db2ed958581", size = 15341, upload-time = "2025-09-27T18:37:16.496Z" },
    { url = "https://files.pythonhosted.org/packages/6f/18/acf23e91bd94fd7b3031558b1f013adfa21a8e407a3fdb32745538730382/markupsafe-3.0.3-cp314-cp314-win_arm64.whl", hash = "sha256:5a7d5dc5140555cf21a6fefbdbf8723f06fcd2f63ef108f2854de715e4422cb4", size = 14073, upload-time = "2025-09-27T18:37:17.476Z" },
    { url = "https://files.pythonhosted.org/packages/3c/f0/57689aa4076e1b43b15fdfa646b04653969d50cf30c32a102762be2485da/markupsafe-3.0.3-cp314-cp314t-macosx_10_13_x86_64.whl", hash = "sha256:1353ef0c1b138e1907ae78e2f6c63ff67501122006b0f9abad68fda5f4ffc6ab", size = 11661, upload-time = "2025-09-27T18:37:18.453Z" },
    { url = "https://files.pythonhosted.org/packages/89/c3/2e67a7ca217c6912985ec766c6393b636fb0c2344443ff9d91404dc4c79f/markupsafe-3.0.3-cp314-cp314t-macosx_11_0_arm64.whl", hash = "sha256:1085e7fbddd3be5f89cc898938f42c0b3c711fdcb37d75221de2666af647c175", size = 12069, upload-time = "2025-09-27T18:37:19.332Z" },
    { url = "https://files.pythonhosted.org/packages/f0/00/be561dce4e6ca66b15276e184ce4b8aec61fe83662cce2f7d72bd3249d28/markupsafe-3.0.3-cp314-cp314t-manylinux2014_aarch64.manylinux_2_17_aarch64.manylinux_2_28_aarch64.whl", hash = "sha256:1b52b4fb9df4eb9ae465f8d0c228a00624de2334f216f178a995ccdcf82c4634", size = 25670, upload-time = "2025-09-27T18:37:20.245Z" },
    { url = "https://files.pythonhosted.org/packages/50/09/c419f6f5a92e5fadde27efd190eca90f05e1261b10dbd8cbcb39cd8ea1dc/markupsafe-3.0.3-cp314-cp314t-manylinux2014_x86_64.manylinux_2_17_x86_64.manylinux_2_28_x86_64.whl", hash = "sha256:fed51ac40f757d41b7c48425901843666a6677e3e8eb0abcff09e4ba6e664f50", size = 23598, upload-time = "2025-09-27T18:37:21.177Z" },
    { url = "https://files.pythonhosted.org/packages/22/44/a0681611106e0b2921b3033fc19bc53323e0b50bc70cffdd19f7d679bb66/markupsafe-3.0.3-cp314-cp314t-manylinux_2_31_riscv64.manylinux_2_39_riscv64.whl", hash = "sha256:f190daf01f13c72eac4efd5c430a8de82489d9cff23c364c3ea822545032993e", size = 23261, upload-time = "2025-09-27T18:37:22.167Z" },
    { url = "https://files.pythonhosted.org/packages/5f/57/1b0b3f100259dc9fffe780cfb60d4be71375510e435efec3d116b6436d43/markupsafe-3.0.3-cp314-cp314t-musllinux_1_2_aarch64.whl", hash = "sha256:e56b7d45a839a697b5eb268c82a71bd8c7f6c94d6fd50c3d577fa39a9f1409f5", size = 24835, upload-time = "2025-09-27T18:37:23.296Z" },
    { url = "https://files.pythonhosted.org/packages/26/6a/4bf6d0c97c4920f1597cc14dd720705eca0bf7c787aebc6bb4d1bead5388/markupsafe-3.0.3-cp314-cp314t-musllinux_1_2_riscv64.whl", hash = "sha256:f3e98bb3798ead92273dc0e5fd0f31ade220f59a266ffd8a4f6065e0a3ce0523", size = 22733, upload-time = "2025-09-27T18:37:24.237Z" },
    { url = "https://files.pythonhosted.org/packages/14/c7/ca723101509b518797fedc2fdf79ba57f886b4aca8a7d31857ba3ee8281f/markupsafe-3.0.3-cp314-cp314t-musllinux_1_2_x86_64.whl", hash = "sha256:5678211cb9333a6468fb8d8be0305520aa073f50d17f089b5b4b477ea6e67fdc", size = 23672, upload-time = "2025-09-27T18:37:25.271Z" },
    { url = "https://files.pythonhosted.org/packages/fb/df/5bd7a48c256faecd1d36edc13133e51397e41b73bb77e1a69deab746ebac/markupsafe-3.0.3-cp314-cp314t-win32.whl", hash = "sha256:915c04ba3851909ce68ccc2b8e2cd691618c4dc4c4232fb7982bca3f41fd8c3d", size = 14819, upload-time = "2025-09-27T18:37:26.285Z" },
    { url = "https://files.pythonhosted.org/packages/1a/8a/0402ba61a2f16038b48b39bccca271134be00c5c9f0f623208399333c448/markupsafe-3.0.3-cp314-cp314t-win_amd64.whl", hash = "sha256:4faffd047e07c38848ce017e8725090413cd80cbc23d86e55c587bf979e579c9", size = 15426, upload-time = "2025-09-27T18:37:27.316Z" },
    { url = "https://files.pythonhosted.org/packages/70/bc/6f1c2f612465f5fa89b95bead1f44dcb607670fd42891d8fdcd5d039f4f4/markupsafe-3.0.3-cp314-cp314t-win_arm64.whl", hash = "sha256:32001d6a8fc98c8cb5c947787c5d08b0a50663d139f1305bac5885d98d9b40fa", size = 14146, upload-time = "2025-09-27T18:37:28.327Z" },
]

[[package]]
name = "mdurl"
version = "0.1.2"
source = { registry = "https://pypi.org/simple" }
sdist = { url = "https://files.pythonhosted.org/packages/d6/54/cfe61301667036ec958cb99bd3efefba235e65cdeb9c84d24a8293ba1d90/mdurl-0.1.2.tar.gz", hash = "sha256:bb413d29f5eea38f31dd4754dd7377d4465116fb207585f97bf925588687c1ba", size = 8729, upload-time = "2022-08-14T12:40:10.846Z" }
wheels = [
    { url = "https://files.pythonhosted.org/packages/b3/38/89ba8ad64ae25be8de66a6d463314cf1eb366222074cfda9ee839c56a4b4/mdurl-0.1.2-py3-none-any.whl", hash = "sha256:84008a41e51615a49fc9966191ff91509e3c40b939176e643fd50a5c2196b8f8", size = 9979, upload-time = "2022-08-14T12:40:09.779Z" },
]

[[package]]
name = "nix-tools-python"
version = "0.1.0"
source = { virtual = "." }
dependencies = [
    { name = "packaging" },
    { name = "pyyaml" },
    { name = "rich" },
    { name = "tyro" },
]

[package.dev-dependencies]
dev = [
    { name = "coverage" },
    { name = "editorconfig" },
    { name = "jinja2" },
    { name = "ty" },
]

[package.metadata]
requires-dist = [
    { name = "packaging", specifier = ">=25.0" },
    { name = "pyyaml", specifier = ">=6.0.3" },
    { name = "rich", specifier = ">=15.0.0" },
    { name = "tyro", specifier = ">=1.0.0" },
]

[package.metadata.requires-dev]
dev = [
    { name = "coverage", specifier = ">=7.10.0" },
    { name = "editorconfig", specifier = ">=0.17.1" },
    { name = "jinja2", specifier = ">=3.1.6" },
    { name = "ty", specifier = ">=0.0.84" },
]

[[package]]
name = "packaging"
version = "26.3"
source = { registry = "https://pypi.org/simple" }
sdist = { url = "https://files.pythonhosted.org/packages/7d/fa/3944b40b07da9ce895c0e6303a5ab7d53da063554f534556b134a54d6093/packaging-26.3.tar.gz", hash = "sha256:94edc256424af38762eb31306eed28beb9f0efc50a8837492c9d6fd6004aed79", size = 313412, upload-time = "2026-08-04T18:15:28.737Z" }
wheels = [
    { url = "https://files.pythonhosted.org/packages/63/34/ba1c580383c9eada3711951fef0795c80b829a078d72188184bcab9dd527/packaging-26.3-py3-none-any.whl", hash = "sha256:d7193f7c8e4e93f444fde0262bf90af30e16fa0ad0ad44cb553c87339b23cd1c", size = 129956, upload-time = "2026-08-04T18:15:27.159Z" },
]

[[package]]
name = "pygments"
version = "2.21.0"
source = { registry = "https://pypi.org/simple" }
sdist = { url = "https://files.pythonhosted.org/packages/49/2e/ced460408999b33da6b31b0021b0f37d329e202d4169aeb164493778f25b/pygments-2.21.0.tar.gz", hash = "sha256:610ca751c9bc2492b38eb9a38a7fbc93edbbb2d7182edaf34e66ae493dee5c8c", size = 5005329, upload-time = "2026-08-17T08:02:48.824Z" }
wheels = [
    { url = "https://files.pythonhosted.org/packages/71/46/17f022dd3e953bf20a04a028a21ec746d942f8d2af30fa0f124fa0e6a684/pygments-2.21.0-py3-none-any.whl", hash = "sha256:2363c69b61c4a97c838da3b130dcd6468f4848992b21a82f2a63ec34377137d9", size = 1250147, upload-time = "2026-08-17T08:02:44.912Z" },
]

[[package]]
name = "pyyaml"
version = "6.0.3"
source = { registry = "https://pypi.org/simple" }
sdist = { url = "https://files.pythonhosted.org/packages/05/8e/961c0007c59b8dd7729d542c61a4d537767a59645b82a0b521206e1e25c2/pyyaml-6.0.3.tar.gz", hash = "sha256:d76623373421df22fb4cf8817020cbb7ef15c725b9d5e45f17e189bfc384190f", size = 130960, upload-time = "2025-09-25T21:33:16.546Z" }
wheels = [
    { url = "https://files.pythonhosted.org/packages/9d/8c/f4bd7f6465179953d3ac9bc44ac1a8a3e6122cf8ada906b4f96c60172d43/pyyaml-6.0.3-cp314-cp314-macosx_10_13_x86_64.whl", hash = "sha256:8d1fab6bb153a416f9aeb4b8763bc0f22a5586065f86f7664fc23339fc1c1fac", size = 181814, upload-time = "2025-09-25T21:32:35.712Z" },
    { url = "https://files.pythonhosted.org/packages/bd/9c/4d95bb87eb2063d20db7b60faa3840c1b18025517ae857371c4dd55a6b3a/pyyaml-6.0.3-cp314-cp314-macosx_11_0_arm64.whl", hash = "sha256:34d5fcd24b8445fadc33f9cf348c1047101756fd760b4dacb5c3e99755703310", size = 173809, upload-time = "2025-09-25T21:32:36.789Z" },
    { url = "https://files.pythonhosted.org/packages/92/b5/47e807c2623074914e29dabd16cbbdd4bf5e9b2db9f8090fa64411fc5382/pyyaml-6.0.3-cp314-cp314-manylinux2014_aarch64.manylinux_2_17_aarch64.manylinux_2_28_aarch64.whl", hash = "sha256:501a031947e3a9025ed4405a168e6ef5ae3126c59f90ce0cd6f2bfc477be31b7", size = 766454, upload-time = "2025-09-25T21:32:37.966Z" },
    { url = "https://files.pythonhosted.org/packages/02/9e/e5e9b168be58564121efb3de6859c452fccde0ab093d8438905899a3a483/pyyaml-6.0.3-cp314-cp314-manylinux2014_s390x.manylinux_2_17_s390x.manylinux_2_28_s390x.whl", hash = "sha256:b3bc83488de33889877a0f2543ade9f70c67d66d9ebb4ac959502e12de895788", size = 836355, upload-time = "2025-09-25T21:32:39.178Z" },
    { url = "https://files.pythonhosted.org/packages/88/f9/16491d7ed2a919954993e48aa941b200f38040928474c9e85ea9e64222c3/pyyaml-6.0.3-cp314-cp314-manylinux2014_x86_64.manylinux_2_17_x86_64.manylinux_2_28_x86_64.whl", hash = "sha256:c458b6d084f9b935061bc36216e8a69a7e293a2f1e68bf956dcd9e6cbcd143f5", size = 794175, upload-time = "2025-09-25T21:32:40.865Z" },
    { url = "https://files.pythonhosted.org/packages/dd/3f/5989debef34dc6397317802b527dbbafb2b4760878a53d4166579111411e/pyyaml-6.0.3-cp314-cp314-musllinux_1_2_aarch64.whl", hash = "sha256:7c6610def4f163542a622a73fb39f534f8c101d690126992300bf3207eab9764", size = 755228, upload-time = "2025-09-25T21:32:42.084Z" },
    { url = "https://files.pythonhosted.org/packages/d7/ce/af88a49043cd2e265be63d083fc75b27b6ed062f5f9fd6cdc223ad62f03e/pyyaml-6.0.3-cp314-cp314-musllinux_1_2_x86_64.whl", hash = "sha256:5190d403f121660ce8d1d2c1bb2ef1bd05b5f68533fc5c2ea899bd15f4399b35", size = 789194, upload-time = "2025-09-25T21:32:43.362Z" },
    { url = "https://files.pythonhosted.org/packages/23/20/bb6982b26a40bb43951265ba29d4c246ef0ff59c9fdcdf0ed04e0687de4d/pyyaml-6.0.3-cp314-cp314-win_amd64.whl", hash = "sha256:4a2e8cebe2ff6ab7d1050ecd59c25d4c8bd7e6f400f5f82b96557ac0abafd0ac", size = 156429, upload-time = "2025-09-25T21:32:57.844Z" },
    { url = "https://files.pythonhosted.org/packages/f4/f4/a4541072bb9422c8a883ab55255f918fa378ecf083f5b85e87fc2b4eda1b/pyyaml-6.0.3-cp314-cp314-win_arm64.whl", hash = "sha256:93dda82c9c22deb0a405ea4dc5f2d0cda384168e466364dec6255b293923b2f3", size = 143912, upload-time = "2025-09-25T21:32:59.247Z" },
    { url = "https://files.pythonhosted.org/packages/7c/f9/07dd09ae774e4616edf6cda684ee78f97777bdd15847253637a6f052a62f/pyyaml-6.0.3-cp314-cp314t-macosx_10_13_x86_64.whl", hash = "sha256:02893d100e99e03eda1c8fd5c441d8c60103fd175728e23e431db1b589cf5ab3", size = 189108, upload-time = "2025-09-25T21:32:44.377Z" },
    { url = "https://files.pythonhosted.org/packages/4e/78/8d08c9fb7ce09ad8c38ad533c1191cf27f7ae1effe5bb9400a46d9437fcf/pyyaml-6.0.3-cp314-cp314t-macosx_11_0_arm64.whl", hash = "sha256:c1ff362665ae507275af2853520967820d9124984e0f7466736aea23d8611fba", size = 183641, upload-time = "2025-09-25T21:32:45.407Z" },
    { url = "https://files.pythonhosted.org/packages/7b/5b/3babb19104a46945cf816d047db2788bcaf8c94527a805610b0289a01c6b/pyyaml-6.0.3-cp314-cp314t-manylinux2014_aarch64.manylinux_2_17_aarch64.manylinux_2_28_aarch64.whl", hash = "sha256:6adc77889b628398debc7b65c073bcb99c4a0237b248cacaf3fe8a557563ef6c", size = 831901, upload-time = "2025-09-25T21:32:48.83Z" },
    { url = "https://files.pythonhosted.org/packages/8b/cc/dff0684d8dc44da4d22a13f35f073d558c268780ce3c6ba1b87055bb0b87/pyyaml-6.0.3-cp314-cp314t-manylinux2014_s390x.manylinux_2_17_s390x.manylinux_2_28_s390x.whl", hash = "sha256:a80cb027f6b349846a3bf6d73b5e95e782175e52f22108cfa17876aaeff93702", size = 861132, upload-time = "2025-09-25T21:32:50.149Z" },
    { url = "https://files.pythonhosted.org/packages/b1/5e/f77dc6b9036943e285ba76b49e118d9ea929885becb0a29ba8a7c75e29fe/pyyaml-6.0.3-cp314-cp314t-manylinux2014_x86_64.manylinux_2_17_x86_64.manylinux_2_28_x86_64.whl", hash = "sha256:00c4bdeba853cc34e7dd471f16b4114f4162dc03e6b7afcc2128711f0eca823c", size = 839261, upload-time = "2025-09-25T21:32:51.808Z" },
    { url = "https://files.pythonhosted.org/packages/ce/88/a9db1376aa2a228197c58b37302f284b5617f56a5d959fd1763fb1675ce6/pyyaml-6.0.3-cp314-cp314t-musllinux_1_2_aarch64.whl", hash = "sha256:66e1674c3ef6f541c35191caae2d429b967b99e02040f5ba928632d9a7f0f065", size = 805272, upload-time = "2025-09-25T21:32:52.941Z" },
    { url = "https://files.pythonhosted.org/packages/da/92/1446574745d74df0c92e6aa4a7b0b3130706a4142b2d1a5869f2eaa423c6/pyyaml-6.0.3-cp314-cp314t-musllinux_1_2_x86_64.whl", hash = "sha256:16249ee61e95f858e83976573de0f5b2893b3677ba71c9dd36b9cf8be9ac6d65", size = 829923, upload-time = "2025-09-25T21:32:54.537Z" },
    { url = "https://files.pythonhosted.org/packages/f0/7a/1c7270340330e575b92f397352af856a8c06f230aa3e76f86b39d01b416a/pyyaml-6.0.3-cp314-cp314t-win_amd64.whl", hash = "sha256:4ad1906908f2f5ae4e5a8ddfce73c320c2a1429ec52eafd27138b7f1cbe341c9", size = 174062, upload-time = "2025-09-25T21:32:55.767Z" },
    { url = "https://files.pythonhosted.org/packages/f1/12/de94a39c2ef588c7e6455cfbe7343d3b2dc9d6b6b2f40c4c6565744c873d/pyyaml-6.0.3-cp314-cp314t-win_arm64.whl", hash = "sha256:ebc55a14a21cb14062aa4162f906cd962b28e2e9ea38f9b4391244cd8de4ae0b", size = 149341, upload-time = "2025-09-25T21:32:56.828Z" },
]

[[package]]
name = "rich"
version = "15.0.0"
source = { registry = "https://pypi.org/simple" }
dependencies = [
    { name = "markdown-it-py" },
    { name = "pygments" },
]
sdist = { url = "https://files.pythonhosted.org/packages/c0/8f/0722ca900cc807c13a6a0c696dacf35430f72e0ec571c4275d2371fca3e9/rich-15.0.0.tar.gz", hash = "sha256:edd07a4824c6b40189fb7ac9bc4c52536e9780fbbfbddf6f1e2502c31b068c36", size = 230680, upload-time = "2026-04-12T08:24:00.75Z" }
wheels = [
    { url = "https://files.pythonhosted.org/packages/82/3b/64d4899d73f91ba49a8c18a8ff3f0ea8f1c1d75481760df8c68ef5235bf5/rich-15.0.0-py3-none-any.whl", hash = "sha256:33bd4ef74232fb73fe9279a257718407f169c09b78a87ad3d296f548e27de0bb", size = 310654, upload-time = "2026-04-12T08:24:02.83Z" },
]

[[package]]
name = "ty"
version = "0.0.84"
source = { registry = "https://pypi.org/simple" }
sdist = { url = "https://files.pythonhosted.org/packages/e1/f6/34f8869c45ea87fe6a931ffa824b1fe4428167173543d92988d631add355/ty-0.0.84.tar.gz", hash = "sha256:0cefdb0cd5d399418dbe83c349ba605047b7dff815ae6f460c80e8522b40be67", size = 7409537, upload-time = "2026-09-24T13:16:24.367Z" }
wheels = [
    { url = "https://files.pythonhosted.org/packages/aa/0c/600648778e1c79133ce6b6a5c4c2531ae16b90c9b30f5041b38b574f61b8/ty-0.0.84-py3-none-linux_armv6l.whl", hash = "sha256:868438e2b9abfc835dd5b5b07ed693db95d8348ac40e3228252511d63ae87695", size = 13935333, upload-time = "2026-09-24T13:15:31.167Z" },
    { url = "https://files.pythonhosted.org/packages/c5/3b/27f06f49945c36170765fad82076898039ae3873338e9865f876dd62f12c/ty-0.0.84-py3-none-macosx_10_12_x86_64.whl", hash = "sha256:b00f39b521f0b559cde0f6abf8dd47213b513b04f33d58efeb9b98486a16bb17", size = 13511328, upload-time = "2026-09-24T13:15:34.446Z" },
    { url = "https://files.pythonhosted.org/packages/fc/b6/b12dd130e7f30141f0645614f454c925991cd389b1cc6c8284fd6bf32326/ty-0.0.84-py3-none-macosx_11_0_arm64.whl", hash = "sha256:8f78c2915567f2ee62ce0c24d86091bc76f81577677755e242d09951db588b9a", size = 13445445, upload-time = "2026-09-24T13:15:37.476Z" },
    { url = "https://files.pythonhosted.org/packages/44/96/f012de4b3c1d9a4773326621380d768b4d48c47e620dc012775c5e01c7d7/ty-0.0.84-py3-none-manylinux_2_17_aarch64.manylinux2014_aarch64.whl", hash = "sha256:61155cad0921e890d86d1d911a40b3a0e924ef4bdc3b4f3865a6c89c7e3012dc", size = 13471235, upload-time = "2026-09-24T13:15:40.64Z" },
    { url = "https://files.pythonhosted.org/packages/05/32/dca630f5f5353fa7bf67eebccf1549df99b16656d21071d0df6677c826a5/ty-0.0.84-py3-none-manylinux_2_17_armv7l.manylinux2014_armv7l.whl", hash = "sha256:417c3bf14947ed16b0b92976ab333c27915590354e96d4f581709068d3811355", size = 13680704, upload-time = "2026-09-24T13:15:43.817Z" },
    { url = "https://files.pythonhosted.org/packages/44/8d/33702c8f62f05ad45b33644fb914d483de6a0a7bc8e51884e9b8773e6d69/ty-0.0.84-py3-none-manylinux_2_17_i686.manylinux2014_i686.whl", hash = "sha256:e06ef117759f654f5379efe9ae79bda8a186016c016f1023d05c34f8e15c1546", size = 14518923, upload-time = "2026-09-24T13:15:46.802Z" },
    { url = "https://files.pythonhosted.org/packages/c8/a1/da3246e6ef2ae0e842bca4058b25c54bee55ab058ffff4ee54e72517ec01/ty-0.0.84-py3-none-manylinux_2_17_ppc64le.manylinux2014_ppc64le.whl", hash = "sha256:a05d1d53db8b64410ab38c6e32c5898510584869d1d5dd9c0605db81c9aef7df", size = 15027731, upload-time = "2026-09-24T13:15:49.755Z" },
    { url = "https://files.pythonhosted.org/packages/20/17/b0099098a560aeb4f9fde6c912f9a81622c3e44e6555e1fbe322b368ec31/ty-0.0.84-py3-none-manylinux_2_17_s390x.manylinux2014_s390x.whl", hash = "sha256:b92400494ab855cfb1204ac1101e3f53b2d09a8e21d171758b2cf9acdab1809e", size = 14748260, upload-time = "2026-09-24T13:15:52.713Z" },
    { url = "https://files.pythonhosted.org/packages/60/d5/32cd67aedb271f006e716ad093806c96c5d7e2af86be8255469dbd3d76c8/ty-0.0.84-py3-none-manylinux_2_17_x86_64.manylinux2014_x86_64.whl", hash = "sha256:af17eb391ae3027fed9be1780bea555c2b8a25ba68e184c627b4981b2c9eaab7", size = 14205858, upload-time = "2026-09-24T13:15:55.677Z" },
    { url = "https://files.pythonhosted.org/packages/43/c4/638ac62ca2e8eca1b92e3e16273085744fada728b993500819b5c258ca15/ty-0.0.84-py3-none-manylinux_2_31_riscv64.whl", hash = "sha256:44cf06af0e7ec78ea6d8ff33a3450fc19627756a4fba681f7410d4e3ef63047a", size = 14573196, upload-time = "2026-09-24T13:15:59.165Z" },
    { url = "https://files.pythonhosted.org/packages/a6/f6/9ee81c5d8921e5fd5f10889ae563c95cd3272b31df2ada528919ca1cef6b/ty-0.0.84-py3-none-musllinux_1_2_aarch64.whl", hash = "sha256:c6e56b443ff9ba462e34bfbc1e582004c2719ed35f8f93a433744b0ba0afb2d9", size = 13480760, upload-time = "2026-09-24T13:16:02.313Z" },
    { url = "https://files.pythonhosted.org/packages/f6/83/fbe5d1177667ae16d84c3242846b143809c9cc09568b333e5a9b4d5908f6/ty-0.0.84-py3-none-musllinux_1_2_armv7l.whl", hash = "sha256:8b6562fcc48820c1030e2a4509ef2c14ef93043ca4860280074314ac3a825b95", size = 13696346, upload-time = "2026-09-24T13:16:05.391Z" },
    { url = "https://files.pythonhosted.org/packages/86/9a/1b4ac9ddc34cc0ab4624bc219825d66af52f1ad87f4778ad08ad03fa06d5/ty-0.0.84-py3-none-musllinux_1_2_i686.whl", hash = "sha256:dee7421451efcbd70f03e95a8f2c8d9e5ec3d35edcd27b4095ee00ee062abfc4", size = 13959410, upload-time = "2026-09-24T13:16:08.661Z" },
    { url = "https://files.pythonhosted.org/packages/c9/04/70e289437a67dfd686056ab4fd91880261a8233033a6a95d29393741fb97/ty-0.0.84-py3-none-musllinux_1_2_x86_64.whl", hash = "sha256:31e96307cf621babe969307dd657783d672e2d8bdbd06493710da635bf63fa07", size = 14350294, upload-time = "2026-09-24T13:16:11.865Z" },
    { url = "https://files.pythonhosted.org/packages/9c/f4/ae7dbd118425c850981d23efb850f0d9d7f6b8d2b852bde2767434f668b4/ty-0.0.84-py3-none-win32.whl", hash = "sha256:4bdc85f91cbaae35825f2b17bb4ac5de0563367875cb0f42b2bf07a1bf7ff2ba", size = 13176439, upload-time = "2026-09-24T13:16:15.049Z" },
    { url = "https://files.pythonhosted.org/packages/29/ec/994d87252f065dda5a500bc8afc726d18f6582d81d6f4ff1feb8a267c800/ty-0.0.84-py3-none-win_amd64.whl", hash = "sha256:71cc9aa7a7c89d4e12c6a814e9c0c3310ad5bee44efedbd6f5a42d91e9ac0f0d", size = 13962879, upload-time = "2026-09-24T13:16:18.191Z" },
    { url = "https://files.pythonhosted.org/packages/6d/1c/e6e91852b72566b1ab9aca504712857dfb89324c12092a5bd61d42d34427/ty-0.0.84-py3-none-win_arm64.whl", hash = "sha256:6c9d3718c4a0d318bc9c92af9b2aa85c3294e7dff54cf1d69ad79568f56516da", size = 13656453, upload-time = "2026-09-24T13:16:21.51Z" },
]

[[package]]
name = "typeguard"
version = "4.6.0"
source = { registry = "https://pypi.org/simple" }
dependencies = [
    { name = "typing-extensions" },
]
sdist = { url = "https://files.pythonhosted.org/packages/b4/de/4420db493fa8fc0856d5e5c1b159c63a323d2de2317babe36b01568928e8/typeguard-4.6.0.tar.gz", hash = "sha256:e7414f09111317de3e335de92cd397c5c0ca00b1cc1676de12e1d444a79b3f21", size = 82330, upload-time = "2026-07-26T08:40:23.207Z" }
wheels = [
    { url = "https://files.pythonhosted.org/packages/8f/eb/461d5f167b6f5c7d97696f397c82f82e3480e003fce3f0a1cd1dd26e2eb2/typeguard-4.6.0-py3-none-any.whl", hash = "sha256:79878165bb86f2cf5d41d159a0ff1792a796cf496882d2fe1b1c6c7049b9cdd7", size = 36884, upload-time = "2026-07-26T08:40:21.868Z" },
]

[[package]]
name = "typing-extensions"
version = "4.16.0"
source = { registry = "https://pypi.org/simple" }
sdist = { url = "https://files.pythonhosted.org/packages/f6/cc/6253133b5bb138fc3306cebfbda2c520f545d36b5be2c7255cc528bb45d6/typing_extensions-4.16.0.tar.gz", hash = "sha256:dc983d19a509c94dba722ee6abd33940f7c05a89e243c47e907eb4db6f1a43e5", size = 113555, upload-time = "2026-07-02T08:40:05.92Z" }
wheels = [
    { url = "https://files.pythonhosted.org/packages/49/d3/b8441a820a491ddfc024b0b0cf0393375b75ea13866d9c66727e54c2fc80/typing_extensions-4.16.0-py3-none-any.whl", hash = "sha256:481caa481374e813c1b176ada14e97f1f67a4539ce9cfeb3f350d78d6370c2e8", size = 45571, upload-time = "2026-07-02T08:40:04.659Z" },
]

[[package]]
name = "tyro"
version = "1.0.16"
source = { registry = "https://pypi.org/simple" }
dependencies = [
    { name = "docstring-parser" },
    { name = "typeguard" },
    { name = "typing-extensions" },
]
sdist = { url = "https://files.pythonhosted.org/packages/3c/83/4008dff806dc894fc0422017316982d3f14709046bcb0dfa720cb64501aa/tyro-1.0.16.tar.gz", hash = "sha256:edf23c9c3eecba5a2b5af152df8f34a723b689a001ff5b7311f93eff1893a636", size = 603382, upload-time = "2026-08-23T01:19:26.643Z" }
wheels = [
    { url = "https://files.pythonhosted.org/packages/23/d9/ea12ca0392c9eaeff7421efcc665f350dbc2ef30a113ee13c7afea21cf37/tyro-1.0.16-py3-none-any.whl", hash = "sha256:2f9087196113699647190459a12b6b4f2784dd0703c50ab1f7bf0f85a3a794ea", size = 216925, upload-time = "2026-08-23T01:19:25.168Z" },
]
